
Microsoft Visual Studio Solution File, Format Version 12.00
# Visual Studio 2012
Project("{FAE04EC0-301F-11D3-BF4B-00C04F79EFBC}") = "Labs_1_4", "Labs_1_4\Labs_1_4.csproj", "{0166C79D-D12F-451B-923F-CF139293FF33}"
EndProject
Global
	GlobalSection(SolutionConfigurationPlatforms) = preSolution
		Debug|Any CPU = Debug|Any CPU
		Release|Any CPU = Release|Any CPU
	EndGlobalSection
	GlobalSection(ProjectConfigurationPlatforms) = postSolution
		{0166C79D-D12F-451B-923F-CF139293FF33}.Debug|Any CPU.ActiveCfg = Debug|Any CPU
		{0166C79D-D12F-451B-923F-CF139293FF33}.Debug|Any CPU.Build.0 = Debug|Any CPU
		{0166C79D-D12F-451B-923F-CF139293FF33}.Release|Any CPU.ActiveCfg = Release|Any CPU
		{0166C79D-D12F-451B-923F-CF139293FF33}.Release|Any CPU.Build.0 = Release|Any CPU
	EndGlobalSection
	GlobalSection(SolutionProperties) = preSolution
		HideSolutionNode = FALSE
	EndGlobalSection
EndGlobal
